
Microsoft Visual Studio Solution File, Format Version 10.00
# Visual Studio 2008
Project("{8BC9CEB8-8B4A-11D0-8D11-00A0C91BC942}") = "progonka", "progonka\progonka.vcproj", "{BD601769-8C0E-4A78-8AEB-FF039527E804}"
EndProject
Global
	GlobalSection(SolutionConfigurationPlatforms) = preSolution
		Debug|Win32 = Debug|Win32
		Release|Win32 = Release|Win32
	EndGlobalSection
	GlobalSection(ProjectConfigurationPlatforms) = postSolution
		{BD601769-8C0E-4A78-8AEB-FF039527E804}.Debug|Win32.ActiveCfg = Debug|Win32
		{BD601769-8C0E-4A78-8AEB-FF039527E804}.Debug|Win32.Build.0 = Debug|Win32
		{BD601769-8C0E-4A78-8AEB-FF039527E804}.Release|Win32.ActiveCfg = Release|Win32
		{BD601769-8C0E-4A78-8AEB-FF039527E804}.Release|Win32.Build.0 = Release|Win32
	EndGlobalSection
	GlobalSection(SolutionProperties) = preSolution
		HideSolutionNode = FALSE
	EndGlobalSection
EndGlobal
